
Microsoft Visual Studio Solution File, Format Version 12.00
# Visual Studio Version 16
VisualStudioVersion = 16.0.30907.101
MinimumVisualStudioVersion = 10.0.40219.1
Project("{FAE04EC0-301F-11D3-BF4B-00C04F79EFBC}") = "homework_4.1", "homework_4\homework_4.1.csproj", "{FC20B85A-1521-49E0-82D9-808D5362F145}"
EndProject
Project("{FAE04EC0-301F-11D3-BF4B-00C04F79EFBC}") = "homework_4.2", "homework_4.2\homework_4.2.csproj", "{D02370C1-A6C3-447D-B37F-61344CFFA7D4}"
EndProject
Project("{FAE04EC0-301F-11D3-BF4B-00C04F79EFBC}") = "homework_4.3", "homework_4.3\homework_4.3.csproj", "{333E008E-C5A0-4A33-B7D5-B7BEC37396D7}"
EndProject
Project("{FAE04EC0-301F-11D3-BF4B-00C04F79EFBC}") = "homework_4.4", "homework_4.4\homework_4.4.csproj", "{3E07DA1B-E0ED-43B8-B5C4-349DFE5AD618}"
EndProject
Project("{FAE04EC0-301F-11D3-BF4B-00C04F79EFBC}") = "homework_4.5", "homework_4.5\homework_4.5.csproj", "{FE8F6854-C180-4EAE-BCBC-69F20DD5A6CE}"
EndProject
Project("{FAE04EC0-301F-11D3-BF4B-00C04F79EFBC}") = "homework_4.6", "homework_4.6\homework_4.6.csproj", "{384DF85A-1D6A-46EB-8654-28A4002290F1}"
EndProject
Project("{FAE04EC0-301F-11D3-BF4B-00C04F79EFBC}") = "homework_4.7", "homework_4.7\homework_4.7.csproj", "{BEEDCEFA-2317-43A2-A87A-2693A7684B46}"
EndProject
Project("{FAE04EC0-301F-11D3-BF4B-00C04F79EFBC}") = "homework_4.8", "homework_4.8\homework_4.8.csproj", "{B789C751-F5B0-42A9-A582-6ED56BE130AD}"
EndProject
Project("{FAE04EC0-301F-11D3-BF4B-00C04F79EFBC}") = "homework_4.9", "homework_4.9\homework_4.9.csproj", "{39146984-4DA6-4ABE-8C93-B0587EA2DE3B}"
EndProject
Project("{FAE04EC0-301F-11D3-BF4B-00C04F79EFBC}") = "homework_4.10", "homework_4.10\homework_4.10.csproj", "{8C79A96D-0C6B-4D66-A081-D2E9BB9E4101}"
EndProject
Project("{FAE04EC0-301F-11D3-BF4B-00C04F79EFBC}") = "homework_4.11", "homework_4.11\homework_4.11.csproj", "{1CE3E99D-0093-4657-9E2B-1319D74C3850}"
EndProject
Project("{FAE04EC0-301F-11D3-BF4B-00C04F79EFBC}") = "verificationTasks_1", "verificationTasks_1\verificationTasks_1.csproj", "{33ED626A-04C7-4CCF-93DA-08696760D4CF}"
EndProject
Project("{FAE04EC0-301F-11D3-BF4B-00C04F79EFBC}") = "verificationTasks_2", "verificationTasks_2\verificationTasks_2.csproj", "{29859EBB-3CB1-45CD-8F90-2D7F99C10425}"
EndProject
Global
	GlobalSection(SolutionConfigurationPlatforms) = preSolution
		Debug|Any CPU = Debug|Any CPU
		Release|Any CPU = Release|Any CPU
	EndGlobalSection
	GlobalSection(ProjectConfigurationPlatforms) = postSolution
		{FC20B85A-1521-49E0-82D9-808D5362F145}.Debug|Any CPU.ActiveCfg = Debug|Any CPU
		{FC20B85A-1521-49E0-82D9-808D5362F145}.Debug|Any CPU.Build.0 = Debug|Any CPU
		{FC20B85A-1521-49E0-82D9-808D5362F145}.Release|Any CPU.ActiveCfg = Release|Any CPU
		{FC20B85A-1521-49E0-82D9-808D5362F145}.Release|Any CPU.Build.0 = Release|Any CPU
		{D02370C1-A6C3-447D-B37F-61344CFFA7D4}.Debug|Any CPU.ActiveCfg = Debug|Any CPU
		{D02370C1-A6C3-447D-B37F-61344CFFA7D4}.Debug|Any CPU.Build.0 = Debug|Any CPU
		{D02370C1-A6C3-447D-B37F-61344CFFA7D4}.Release|Any CPU.ActiveCfg = Release|Any CPU
		{D02370C1-A6C3-447D-B37F-61344CFFA7D4}.Release|Any CPU.Build.0 = Release|Any CPU
		{333E008E-C5A0-4A33-B7D5-B7BEC37396D7}.Debug|Any CPU.ActiveCfg = Debug|Any CPU
		{333E008E-C5A0-4A33-B7D5-B7BEC37396D7}.Debug|Any CPU.Build.0 = Debug|Any CPU
		{333E008E-C5A0-4A33-B7D5-B7BEC37396D7}.Release|Any CPU.ActiveCfg = Release|Any CPU
		{333E008E-C5A0-4A33-B7D5-B7BEC37396D7}.Release|Any CPU.Build.0 = Release|Any CPU
		{3E07DA1B-E0ED-43B8-B5C4-349DFE5AD618}.Debug|Any CPU.ActiveCfg = Debug|Any CPU
		{3E07DA1B-E0ED-43B8-B5C4-349DFE5AD618}.Debug|Any CPU.Build.0 = Debug|Any CPU
		{3E07DA1B-E0ED-43B8-B5C4-349DFE5AD618}.Release|Any CPU.ActiveCfg = Release|Any CPU
		{3E07DA1B-E0ED-43B8-B5C4-349DFE5AD618}.Release|Any CPU.Build.0 = Release|Any CPU
		{FE8F6854-C180-4EAE-BCBC-69F20DD5A6CE}.Debug|Any CPU.ActiveCfg = Debug|Any CPU
		{FE8F6854-C180-4EAE-BCBC-69F20DD5A6CE}.Debug|Any CPU.Build.0 = Debug|Any CPU
		{FE8F6854-C180-4EAE-BCBC-69F20DD5A6CE}.Release|Any CPU.ActiveCfg = Release|Any CPU
		{FE8F6854-C180-4EAE-BCBC-69F20DD5A6CE}.Release|Any CPU.Build.0 = Release|Any CPU
		{384DF85A-1D6A-46EB-8654-28A4002290F1}.Debug|Any CPU.ActiveCfg = Debug|Any CPU
		{384DF85A-1D6A-46EB-8654-28A4002290F1}.Debug|Any CPU.Build.0 = Debug|Any CPU
		{384DF85A-1D6A-46EB-8654-28A4002290F1}.Release|Any CPU.ActiveCfg = Release|Any CPU
		{384DF85A-1D6A-46EB-8654-28A4002290F1}.Release|Any CPU.Build.0 = Release|Any CPU
		{BEEDCEFA-2317-43A2-A87A-2693A7684B46}.Debug|Any CPU.ActiveCfg = Debug|Any CPU
		{BEEDCEFA-2317-43A2-A87A-2693A7684B46}.Debug|Any CPU.Build.0 = Debug|Any CPU
		{BEEDCEFA-2317-43A2-A87A-2693A7684B46}.Release|Any CPU.ActiveCfg = Release|Any CPU
		{BEEDCEFA-2317-43A2-A87A-2693A7684B46}.Release|Any CPU.Build.0 = Release|Any CPU
		{B789C751-F5B0-42A9-A582-6ED56BE130AD}.Debug|Any CPU.ActiveCfg = Debug|Any CPU
		{B789C751-F5B0-42A9-A582-6ED56BE130AD}.Debug|Any CPU.Build.0 = Debug|Any CPU
		{B789C751-F5B0-42A9-A582-6ED56BE130AD}.Release|Any CPU.ActiveCfg = Release|Any CPU
		{B789C751-F5B0-42A9-A582-6ED56BE130AD}.Release|Any CPU.Build.0 = Release|Any CPU
		{39146984-4DA6-4ABE-8C93-B0587EA2DE3B}.Debug|Any CPU.ActiveCfg = Debug|Any CPU
		{39146984-4DA6-4ABE-8C93-B0587EA2DE3B}.Debug|Any CPU.Build.0 = Debug|Any CPU
		{39146984-4DA6-4ABE-8C93-B0587EA2DE3B}.Release|Any CPU.ActiveCfg = Release|Any CPU
		{39146984-4DA6-4ABE-8C93-B0587EA2DE3B}.Release|Any CPU.Build.0 = Release|Any CPU
		{8C79A96D-0C6B-4D66-A081-D2E9BB9E4101}.Debug|Any CPU.ActiveCfg = Debug|Any CPU
		{8C79A96D-0C6B-4D66-A081-D2E9BB9E4101}.Debug|Any CPU.Build.0 = Debug|Any CPU
		{8C79A96D-0C6B-4D66-A081-D2E9BB9E4101}.Release|Any CPU.ActiveCfg = Release|Any CPU
		{8C79A96D-0C6B-4D66-A081-D2E9BB9E4101}.Release|Any CPU.Build.0 = Release|Any CPU
		{1CE3E99D-0093-4657-9E2B-1319D74C3850}.Debug|Any CPU.ActiveCfg = Debug|Any CPU
		{1CE3E99D-0093-4657-9E2B-1319D74C3850}.Debug|Any CPU.Build.0 = Debug|Any CPU
		{1CE3E99D-0093-4657-9E2B-1319D74C3850}.Release|Any CPU.ActiveCfg = Release|Any CPU
		{1CE3E99D-0093-4657-9E2B-1319D74C3850}.Release|Any CPU.Build.0 = Release|Any CPU
		{33ED626A-04C7-4CCF-93DA-08696760D4CF}.Debug|Any CPU.ActiveCfg = Debug|Any CPU
		{33ED626A-04C7-4CCF-93DA-08696760D4CF}.Debug|Any CPU.Build.0 = Debug|Any CPU
		{33ED626A-04C7-4CCF-93DA-08696760D4CF}.Release|Any CPU.ActiveCfg = Release|Any CPU
		{33ED626A-04C7-4CCF-93DA-08696760D4CF}.Release|Any CPU.Build.0 = Release|Any CPU
		{29859EBB-3CB1-45CD-8F90-2D7F99C10425}.Debug|Any CPU.ActiveCfg = Debug|Any CPU
		{29859EBB-3CB1-45CD-8F90-2D7F99C10425}.Debug|Any CPU.Build.0 = Debug|Any CPU
		{29859EBB-3CB1-45CD-8F90-2D7F99C10425}.Release|Any CPU.ActiveCfg = Release|Any CPU
		{29859EBB-3CB1-45CD-8F90-2D7F99C10425}.Release|Any CPU.Build.0 = Release|Any CPU
	EndGlobalSection
	GlobalSection(SolutionProperties) = preSolution
		HideSolutionNode = FALSE
	EndGlobalSection
	GlobalSection(ExtensibilityGlobals) = postSolution
		SolutionGuid = {64D2E829-A6CF-48C3-8207-1F5E4E43CA66}
	EndGlobalSection
EndGlobal
