
Microsoft Visual Studio Solution File, Format Version 12.00
# Visual Studio Version 16
VisualStudioVersion = 16.0.30907.101
MinimumVisualStudioVersion = 10.0.40219.1
Project("{FAE04EC0-301F-11D3-BF4B-00C04F79EFBC}") = "homework_3.1", "homework_3\homework_3.1.csproj", "{7EA52312-8FCE-4C1F-A5E5-64B554A91456}"
EndProject
Project("{FAE04EC0-301F-11D3-BF4B-00C04F79EFBC}") = "homework_3.2", "homework_3.2\homework_3.2.csproj", "{3B3DCD64-AD89-4D98-A04C-666F1E09BC1D}"
EndProject
Project("{FAE04EC0-301F-11D3-BF4B-00C04F79EFBC}") = "homework_3.3", "homework_3.3\homework_3.3.csproj", "{62D05447-A837-4657-B5A6-A01F778E3396}"
EndProject
Project("{FAE04EC0-301F-11D3-BF4B-00C04F79EFBC}") = "homework_3.4", "homework_3.4\homework_3.4.csproj", "{77C2AE2D-1BF6-4FF5-B6EE-CC0B4F7461EA}"
EndProject
Project("{FAE04EC0-301F-11D3-BF4B-00C04F79EFBC}") = "homework_3.5", "homework_3.5\homework_3.5.csproj", "{75F0696F-86A9-458B-B5D2-3201BE051A53}"
EndProject
Project("{FAE04EC0-301F-11D3-BF4B-00C04F79EFBC}") = "homework_3.6", "homework_3.6\homework_3.6.csproj", "{9961B68E-503B-43BD-9E9B-8639D9312B61}"
EndProject
Project("{FAE04EC0-301F-11D3-BF4B-00C04F79EFBC}") = "homework_3.7", "homework_3.7\homework_3.7.csproj", "{00A32029-A168-4A1F-B8BB-18EA874B84FF}"
EndProject
Project("{FAE04EC0-301F-11D3-BF4B-00C04F79EFBC}") = "homework_3.8", "homework_3.8\homework_3.8.csproj", "{3408C29B-FA7D-45FC-A19F-5324B81504A5}"
EndProject
Project("{FAE04EC0-301F-11D3-BF4B-00C04F79EFBC}") = "homework_3.9", "homework_3.9\homework_3.9.csproj", "{059BC1F5-EA66-416B-B00A-8355D9590FB0}"
EndProject
Project("{FAE04EC0-301F-11D3-BF4B-00C04F79EFBC}") = "homework_3.10", "homework_3.10\homework_3.10.csproj", "{1910589A-A423-4961-AFB4-819AEB7B5B35}"
EndProject
Project("{FAE04EC0-301F-11D3-BF4B-00C04F79EFBC}") = "verificationTasks_1", "verificationTasks_1\verificationTasks_1.csproj", "{9082B5DA-E4D2-42A1-8005-3433F6F16B26}"
EndProject
Project("{FAE04EC0-301F-11D3-BF4B-00C04F79EFBC}") = "verificationTasks_2", "verificationTasks_2\verificationTasks_2.csproj", "{3C030F97-EED6-4E64-86DE-1CA0D1E002AC}"
EndProject
Project("{FAE04EC0-301F-11D3-BF4B-00C04F79EFBC}") = "verificationTasks_3", "verificationTasks_3\verificationTasks_3.csproj", "{4F2D4678-428A-4BF6-98A9-7D5C36303A04}"
EndProject
Global
	GlobalSection(SolutionConfigurationPlatforms) = preSolution
		Debug|Any CPU = Debug|Any CPU
		Release|Any CPU = Release|Any CPU
	EndGlobalSection
	GlobalSection(ProjectConfigurationPlatforms) = postSolution
		{7EA52312-8FCE-4C1F-A5E5-64B554A91456}.Debug|Any CPU.ActiveCfg = Debug|Any CPU
		{7EA52312-8FCE-4C1F-A5E5-64B554A91456}.Debug|Any CPU.Build.0 = Debug|Any CPU
		{7EA52312-8FCE-4C1F-A5E5-64B554A91456}.Release|Any CPU.ActiveCfg = Release|Any CPU
		{7EA52312-8FCE-4C1F-A5E5-64B554A91456}.Release|Any CPU.Build.0 = Release|Any CPU
		{3B3DCD64-AD89-4D98-A04C-666F1E09BC1D}.Debug|Any CPU.ActiveCfg = Debug|Any CPU
		{3B3DCD64-AD89-4D98-A04C-666F1E09BC1D}.Debug|Any CPU.Build.0 = Debug|Any CPU
		{3B3DCD64-AD89-4D98-A04C-666F1E09BC1D}.Release|Any CPU.ActiveCfg = Release|Any CPU
		{3B3DCD64-AD89-4D98-A04C-666F1E09BC1D}.Release|Any CPU.Build.0 = Release|Any CPU
		{62D05447-A837-4657-B5A6-A01F778E3396}.Debug|Any CPU.ActiveCfg = Debug|Any CPU
		{62D05447-A837-4657-B5A6-A01F778E3396}.Debug|Any CPU.Build.0 = Debug|Any CPU
		{62D05447-A837-4657-B5A6-A01F778E3396}.Release|Any CPU.ActiveCfg = Release|Any CPU
		{62D05447-A837-4657-B5A6-A01F778E3396}.Release|Any CPU.Build.0 = Release|Any CPU
		{77C2AE2D-1BF6-4FF5-B6EE-CC0B4F7461EA}.Debug|Any CPU.ActiveCfg = Debug|Any CPU
		{77C2AE2D-1BF6-4FF5-B6EE-CC0B4F7461EA}.Debug|Any CPU.Build.0 = Debug|Any CPU
		{77C2AE2D-1BF6-4FF5-B6EE-CC0B4F7461EA}.Release|Any CPU.ActiveCfg = Release|Any CPU
		{77C2AE2D-1BF6-4FF5-B6EE-CC0B4F7461EA}.Release|Any CPU.Build.0 = Release|Any CPU
		{75F0696F-86A9-458B-B5D2-3201BE051A53}.Debug|Any CPU.ActiveCfg = Debug|Any CPU
		{75F0696F-86A9-458B-B5D2-3201BE051A53}.Debug|Any CPU.Build.0 = Debug|Any CPU
		{75F0696F-86A9-458B-B5D2-3201BE051A53}.Release|Any CPU.ActiveCfg = Release|Any CPU
		{75F0696F-86A9-458B-B5D2-3201BE051A53}.Release|Any CPU.Build.0 = Release|Any CPU
		{9961B68E-503B-43BD-9E9B-8639D9312B61}.Debug|Any CPU.ActiveCfg = Debug|Any CPU
		{9961B68E-503B-43BD-9E9B-8639D9312B61}.Debug|Any CPU.Build.0 = Debug|Any CPU
		{9961B68E-503B-43BD-9E9B-8639D9312B61}.Release|Any CPU.ActiveCfg = Release|Any CPU
		{9961B68E-503B-43BD-9E9B-8639D9312B61}.Release|Any CPU.Build.0 = Release|Any CPU
		{00A32029-A168-4A1F-B8BB-18EA874B84FF}.Debug|Any CPU.ActiveCfg = Debug|Any CPU
		{00A32029-A168-4A1F-B8BB-18EA874B84FF}.Debug|Any CPU.Build.0 = Debug|Any CPU
		{00A32029-A168-4A1F-B8BB-18EA874B84FF}.Release|Any CPU.ActiveCfg = Release|Any CPU
		{00A32029-A168-4A1F-B8BB-18EA874B84FF}.Release|Any CPU.Build.0 = Release|Any CPU
		{3408C29B-FA7D-45FC-A19F-5324B81504A5}.Debug|Any CPU.ActiveCfg = Debug|Any CPU
		{3408C29B-FA7D-45FC-A19F-5324B81504A5}.Debug|Any CPU.Build.0 = Debug|Any CPU
		{3408C29B-FA7D-45FC-A19F-5324B81504A5}.Release|Any CPU.ActiveCfg = Release|Any CPU
		{3408C29B-FA7D-45FC-A19F-5324B81504A5}.Release|Any CPU.Build.0 = Release|Any CPU
		{059BC1F5-EA66-416B-B00A-8355D9590FB0}.Debug|Any CPU.ActiveCfg = Debug|Any CPU
		{059BC1F5-EA66-416B-B00A-8355D9590FB0}.Debug|Any CPU.Build.0 = Debug|Any CPU
		{059BC1F5-EA66-416B-B00A-8355D9590FB0}.Release|Any CPU.ActiveCfg = Release|Any CPU
		{059BC1F5-EA66-416B-B00A-8355D9590FB0}.Release|Any CPU.Build.0 = Release|Any CPU
		{1910589A-A423-4961-AFB4-819AEB7B5B35}.Debug|Any CPU.ActiveCfg = Debug|Any CPU
		{1910589A-A423-4961-AFB4-819AEB7B5B35}.Debug|Any CPU.Build.0 = Debug|Any CPU
		{1910589A-A423-4961-AFB4-819AEB7B5B35}.Release|Any CPU.ActiveCfg = Release|Any CPU
		{1910589A-A423-4961-AFB4-819AEB7B5B35}.Release|Any CPU.Build.0 = Release|Any CPU
		{9082B5DA-E4D2-42A1-8005-3433F6F16B26}.Debug|Any CPU.ActiveCfg = Debug|Any CPU
		{9082B5DA-E4D2-42A1-8005-3433F6F16B26}.Debug|Any CPU.Build.0 = Debug|Any CPU
		{9082B5DA-E4D2-42A1-8005-3433F6F16B26}.Release|Any CPU.ActiveCfg = Release|Any CPU
		{9082B5DA-E4D2-42A1-8005-3433F6F16B26}.Release|Any CPU.Build.0 = Release|Any CPU
		{3C030F97-EED6-4E64-86DE-1CA0D1E002AC}.Debug|Any CPU.ActiveCfg = Debug|Any CPU
		{3C030F97-EED6-4E64-86DE-1CA0D1E002AC}.Debug|Any CPU.Build.0 = Debug|Any CPU
		{3C030F97-EED6-4E64-86DE-1CA0D1E002AC}.Release|Any CPU.ActiveCfg = Release|Any CPU
		{3C030F97-EED6-4E64-86DE-1CA0D1E002AC}.Release|Any CPU.Build.0 = Release|Any CPU
		{4F2D4678-428A-4BF6-98A9-7D5C36303A04}.Debug|Any CPU.ActiveCfg = Debug|Any CPU
		{4F2D4678-428A-4BF6-98A9-7D5C36303A04}.Debug|Any CPU.Build.0 = Debug|Any CPU
		{4F2D4678-428A-4BF6-98A9-7D5C36303A04}.Release|Any CPU.ActiveCfg = Release|Any CPU
		{4F2D4678-428A-4BF6-98A9-7D5C36303A04}.Release|Any CPU.Build.0 = Release|Any CPU
	EndGlobalSection
	GlobalSection(SolutionProperties) = preSolution
		HideSolutionNode = FALSE
	EndGlobalSection
	GlobalSection(ExtensibilityGlobals) = postSolution
		SolutionGuid = {41BE6C35-0D37-46C1-AD27-B248AEFB3E30}
	EndGlobalSection
EndGlobal
